
Microsoft Visual Studio Solution File, Format Version 12.00
# Visual Studio Version 17
VisualStudioVersion = 17.0.31903.59
MinimumVisualStudioVersion = 10.0.40219.1
Project("{FAE04EC0-301F-11D3-BF4B-00C04F79EFBC}") = "OldSchoolTools.QuickInfoHider", "OldSchoolTools.QuickInfoHider.csproj", "{189316EF-9E6C-401B-B16C-D701939E948D}"
EndProject
Global
	GlobalSection(SolutionConfigurationPlatforms) = preSolution
		Debug|Any CPU = Debug|Any CPU
		Debug|x86 = Debug|x86
		Release|Any CPU = Release|Any CPU
		Release|x86 = Release|x86
	EndGlobalSection
	GlobalSection(ProjectConfigurationPlatforms) = postSolution
		{189316EF-9E6C-401B-B16C-D701939E948D}.Debug|Any CPU.ActiveCfg = Debug|Any CPU
		{189316EF-9E6C-401B-B16C-D701939E948D}.Debug|Any CPU.Build.0 = Debug|Any CPU
		{189316EF-9E6C-401B-B16C-D701939E948D}.Debug|x86.ActiveCfg = Debug|x86
		{189316EF-9E6C-401B-B16C-D701939E948D}.Debug|x86.Build.0 = Debug|x86
		{189316EF-9E6C-401B-B16C-D701939E948D}.Release|Any CPU.ActiveCfg = Release|Any CPU
		{189316EF-9E6C-401B-B16C-D701939E948D}.Release|Any CPU.Build.0 = Release|Any CPU
		{189316EF-9E6C-401B-B16C-D701939E948D}.Release|x86.ActiveCfg = Release|x86
		{189316EF-9E6C-401B-B16C-D701939E948D}.Release|x86.Build.0 = Release|x86
	EndGlobalSection
	GlobalSection(SolutionProperties) = preSolution
		HideSolutionNode = FALSE
	EndGlobalSection
	GlobalSection(ExtensibilityGlobals) = postSolution
		SolutionGuid = {74B3F2EB-5989-4D0B-A67E-C3FC621F0FE3}
	EndGlobalSection
EndGlobal
